
Microsoft Visual Studio Solution File, Format Version 12.00
# Visual Studio Version 17
VisualStudioVersion = 17.5.002.0
MinimumVisualStudioVersion = 10.0.40219.1
Project("{9A19103F-16F7-4668-BE54-9A1E7A4F7556}") = "api", "api\api.csproj", "{514A79F4-D3D3-4C0A-B8FD-F0ADE7F25868}"
EndProject
Global
	GlobalSection(SolutionConfigurationPlatforms) = preSolution
		Debug|Any CPU = Debug|Any CPU
		Release|Any CPU = Release|Any CPU
	EndGlobalSection
	GlobalSection(ProjectConfigurationPlatforms) = postSolution
		{514A79F4-D3D3-4C0A-B8FD-F0ADE7F25868}.Debug|Any CPU.ActiveCfg = Debug|Any CPU
		{514A79F4-D3D3-4C0A-B8FD-F0ADE7F25868}.Debug|Any CPU.Build.0 = Debug|Any CPU
		{514A79F4-D3D3-4C0A-B8FD-F0ADE7F25868}.Release|Any CPU.ActiveCfg = Release|Any CPU
		{514A79F4-D3D3-4C0A-B8FD-F0ADE7F25868}.Release|Any CPU.Build.0 = Release|Any CPU
	EndGlobalSection
	GlobalSection(SolutionProperties) = preSolution
		HideSolutionNode = FALSE
	EndGlobalSection
	GlobalSection(ExtensibilityGlobals) = postSolution
		SolutionGuid = {0378FA97-61E8-4295-BA0E-A03881EBC54B}
	EndGlobalSection
EndGlobal
